PODS:
  - FMDB (2.6.2):
    - FMDB/standard (= 2.6.2)
  - FMDB/standard (2.6.2)
  - ReachabilitySwift (4.3.0)
  - SnowplowTracker (1.0.4):
    - FMDB (= 2.6.2)
    - ReachabilitySwift

DEPENDENCIES:
  - SnowplowTracker (~> 1.0)

SPEC REPOS:
  https://github.com/cocoapods/specs.git:
    - FMDB
    - ReachabilitySwift
    - SnowplowTracker

SPEC CHECKSUMS:
  FMDB: 854a0341b4726e53276f2a8996f06f1b80f9259a
  ReachabilitySwift: 408477d1b6ed9779dba301953171e017c31241f3
  SnowplowTracker: da2a725a22f5c16205d9e94f4352056af55394ea

PODFILE CHECKSUM: 0996111004a4e7ed5ddc3f7490b97a58e28bfebe

COCOAPODS: 1.6.1
