PODS:
  - FMDB (2.7.5):
    - FMDB/standard (= 2.7.5)
  - FMDB/standard (2.7.5)
  - SnowplowTracker (2.1.1):
    - FMDB (~> 2.7)
  - SwiftKeychainWrapper (4.0.1)

DEPENDENCIES:
  - SnowplowTracker (~> 2.1.1)
  - SwiftKeychainWrapper (~> 4.0.1)

SPEC REPOS:
  trunk:
    - FMDB
    - SnowplowTracker
    - SwiftKeychainWrapper

SPEC CHECKSUMS:
  FMDB: 2ce00b547f966261cd18927a3ddb07cb6f3db82a
  SnowplowTracker: e6f671aec968ab4c7d7466b8bcb94c5b2bc6abd1
  SwiftKeychainWrapper: 807ba1d63c33a7d0613288512399cd1eda1e470c

PODFILE CHECKSUM: 41882c87931061aae5905808036d00e39728257d

COCOAPODS: 1.10.1
