// !$*UTF8*$!
{
	archiveVersion = 1;
	classes = {
	};
	objectVersion = 51;
	objects = {

/* Begin PBXBuildFile section */
		000AC49F1F4611ED8D67F7AA /* Pods_Inspetor_InspetorUnitTests.framework in Frameworks */ = {isa = PBXBuildFile; fileRef = E02707BF983AE03378FA40FF /* Pods_Inspetor_InspetorUnitTests.framework */; };
		02CFC0AFE0F52DD73CE073CD /* Pods_Inspetor.framework in Frameworks */ = {isa = PBXBuildFile; fileRef = 4AE0A89ED0243C066CB4B8CC /* Pods_Inspetor.framework */; };
		0663A186B06BE00806977C0E /* Pods_Inspetor_InspetorTestApp.framework in Frameworks */ = {isa = PBXBuildFile; fileRef = E4BBA303649A0935FFA90FE0 /* Pods_Inspetor_InspetorTestApp.framework */; };
		0B15CD1322D6771300003E91 /* TrackerException.swift in Sources */ = {isa = PBXBuildFile; fileRef = 0B15CD1222D6771300003E91 /* TrackerException.swift */; };
		0B1A17A422D8FB8C00933746 /* Inspetor.swift in Sources */ = {isa = PBXBuildFile; fileRef = 0B1A17A322D8FB8C00933746 /* Inspetor.swift */; };
		0B3DAB4922E0A5D80031FEEF /* SnowplowManager.swift in Sources */ = {isa = PBXBuildFile; fileRef = 0B3DAB4822E0A5D80031FEEF /* SnowplowManager.swift */; };
		0B3DAB4B22E0C0FE0031FEEF /* InspetorGeoLocation.swift in Sources */ = {isa = PBXBuildFile; fileRef = 0B3DAB4A22E0C0FE0031FEEF /* InspetorGeoLocation.swift */; };
		0B57D63322DCA59A00764818 /* LegitiClientService.swift in Sources */ = {isa = PBXBuildFile; fileRef = 0B57D63222DCA59A00764818 /* LegitiClientService.swift */; };
		0B771F3423043E90006AD4EA /* InspetorDeviceData.swift in Sources */ = {isa = PBXBuildFile; fileRef = 0B771F3323043E90006AD4EA /* InspetorDeviceData.swift */; };
		0B771F56230479E5006AD4EA /* AppDelegate.swift in Sources */ = {isa = PBXBuildFile; fileRef = 0B771F55230479E5006AD4EA /* AppDelegate.swift */; };
		0B771F58230479E5006AD4EA /* ViewController.swift in Sources */ = {isa = PBXBuildFile; fileRef = 0B771F57230479E5006AD4EA /* ViewController.swift */; };
		0B771F5B230479E5006AD4EA /* Main.storyboard in Resources */ = {isa = PBXBuildFile; fileRef = 0B771F59230479E5006AD4EA /* Main.storyboard */; };
		0B771F5D230479E6006AD4EA /* Assets.xcassets in Resources */ = {isa = PBXBuildFile; fileRef = 0B771F5C230479E6006AD4EA /* Assets.xcassets */; };
		0B771F60230479E6006AD4EA /* LaunchScreen.storyboard in Resources */ = {isa = PBXBuildFile; fileRef = 0B771F5E230479E6006AD4EA /* LaunchScreen.storyboard */; };
		0B92ABD72304A52800BA3A24 /* Inspetor.framework in Frameworks */ = {isa = PBXBuildFile; fileRef = 78783CA2224424E70052BB50 /* Inspetor.framework */; };
		0B92ABD82304A52800BA3A24 /* Inspetor.framework in Embed Frameworks */ = {isa = PBXBuildFile; fileRef = 78783CA2224424E70052BB50 /* Inspetor.framework */; settings = {ATTRIBUTES = (CodeSignOnCopy, RemoveHeadersOnCopy, ); }; };
		0B92ABF82304A7A100BA3A24 /* Reachability.framework in Frameworks */ = {isa = PBXBuildFile; fileRef = 0B92ABF72304A7A100BA3A24 /* Reachability.framework */; };
		0B92ABFA2304A7A100BA3A24 /* SnowplowTracker.framework in Frameworks */ = {isa = PBXBuildFile; fileRef = 0B92ABF92304A7A100BA3A24 /* SnowplowTracker.framework */; };
		0B92ABFC2304A7A100BA3A24 /* SwiftKeychainWrapper.framework in Frameworks */ = {isa = PBXBuildFile; fileRef = 0B92ABFB2304A7A100BA3A24 /* SwiftKeychainWrapper.framework */; };
		0B92ABFE2304A7A500BA3A24 /* FMDB.framework in Frameworks */ = {isa = PBXBuildFile; fileRef = 0B92ABFD2304A7A500BA3A24 /* FMDB.framework */; };
		0B92AC002304A7A500BA3A24 /* INTULocationManager.framework in Frameworks */ = {isa = PBXBuildFile; fileRef = 0B92ABFF2304A7A500BA3A24 /* INTULocationManager.framework */; };
		0B99509322D7708D00288282 /* LegitiResourceService.swift in Sources */ = {isa = PBXBuildFile; fileRef = 0B99509222D7708D00288282 /* LegitiResourceService.swift */; };
		0B99509822D773DD00288282 /* InspetorResource.swift in Sources */ = {isa = PBXBuildFile; fileRef = 0B99509722D773DD00288282 /* InspetorResource.swift */; };
		0BACF80022D7965F00A2C2FF /* InspetorConfig.swift in Sources */ = {isa = PBXBuildFile; fileRef = 0BACF7FF22D7965F00A2C2FF /* InspetorConfig.swift */; };
		0BB12D5322D8D05100054EF2 /* Actions.swift in Sources */ = {isa = PBXBuildFile; fileRef = 0BB12D5222D8D05100054EF2 /* Actions.swift */; };
		0BB12D5522D8D40A00054EF2 /* LegitiClient.swift in Sources */ = {isa = PBXBuildFile; fileRef = 0BB12D5422D8D40A00054EF2 /* LegitiClient.swift */; };
		0BD5066422DE6E0500697434 /* InspetorEmitterCallback.swift in Sources */ = {isa = PBXBuildFile; fileRef = 0BD5066322DE6E0500697434 /* InspetorEmitterCallback.swift */; };
		0BFB1BCD22DF47F700CB9C6B /* InspetorUnitTests.swift in Sources */ = {isa = PBXBuildFile; fileRef = 0BFB1BCC22DF47F700CB9C6B /* InspetorUnitTests.swift */; };
		0BFB1BCF22DF47F700CB9C6B /* Inspetor.framework in Frameworks */ = {isa = PBXBuildFile; fileRef = 78783CA2224424E70052BB50 /* Inspetor.framework */; settings = {ATTRIBUTES = (Required, ); }; };
		0BFB1BD622DF482300CB9C6B /* InspetorIntegrationTests.swift in Sources */ = {isa = PBXBuildFile; fileRef = 0BFB1BD522DF482300CB9C6B /* InspetorIntegrationTests.swift */; };
		780AC8612252526F00383069 /* InspetorDependencies.swift in Sources */ = {isa = PBXBuildFile; fileRef = 780AC8602252526F00383069 /* InspetorDependencies.swift */; };
		78783CA7224424E70052BB50 /* Inspetor.h in Headers */ = {isa = PBXBuildFile; fileRef = 78783CA5224424E70052BB50 /* Inspetor.h */; settings = {ATTRIBUTES = (Public, ); }; };
/* End PBXBuildFile section */

/* Begin PBXContainerItemProxy section */
		0B92ABCC2304822B00BA3A24 /* PBXContainerItemProxy */ = {
			isa = PBXContainerItemProxy;
			containerPortal = 78783C99224424E70052BB50 /* Project object */;
			proxyType = 1;
			remoteGlobalIDString = 0B771F52230479E5006AD4EA;
			remoteInfo = inspetorTestApp;
		};
		0B92ABD92304A52800BA3A24 /* PBXContainerItemProxy */ = {
			isa = PBXContainerItemProxy;
			containerPortal = 78783C99224424E70052BB50 /* Project object */;
			proxyType = 1;
			remoteGlobalIDString = 78783CA1224424E70052BB50;
			remoteInfo = Inspetor;
		};
		0BFB1BD022DF47F700CB9C6B /* PBXContainerItemProxy */ = {
			isa = PBXContainerItemProxy;
			containerPortal = 78783C99224424E70052BB50 /* Project object */;
			proxyType = 1;
			remoteGlobalIDString = 78783CA1224424E70052BB50;
			remoteInfo = Inspetor;
		};
/* End PBXContainerItemProxy section */

/* Begin PBXCopyFilesBuildPhase section */
		0B92ABDB2304A52800BA3A24 /* Embed Frameworks */ = {
			isa = PBXCopyFilesBuildPhase;
			buildActionMask = 2147483647;
			dstPath = "";
			dstSubfolderSpec = 10;
			files = (
				0B92ABD82304A52800BA3A24 /* Inspetor.framework in Embed Frameworks */,
			);
			name = "Embed Frameworks";
			runOnlyForDeploymentPostprocessing = 0;
		};
/* End PBXCopyFilesBuildPhase section */

/* Begin PBXFileReference section */
		076DC3A8C22A61AB2203CFF7 /* Pods-Inspetor.debug.xcconfig */ = {isa = PBXFileReference; includeInIndex = 1; lastKnownFileType = text.xcconfig; name = "Pods-Inspetor.debug.xcconfig"; path = "Target Support Files/Pods-Inspetor/Pods-Inspetor.debug.xcconfig"; sourceTree = "<group>"; };
		0B15CD1222D6771300003E91 /* TrackerException.swift */ = {isa = PBXFileReference; lastKnownFileType = sourcecode.swift; path = TrackerException.swift; sourceTree = "<group>"; };
		0B1A17A322D8FB8C00933746 /* Inspetor.swift */ = {isa = PBXFileReference; lastKnownFileType = sourcecode.swift; path = Inspetor.swift; sourceTree = "<group>"; };
		0B3DAB4822E0A5D80031FEEF /* SnowplowManager.swift */ = {isa = PBXFileReference; lastKnownFileType = sourcecode.swift; path = SnowplowManager.swift; sourceTree = "<group>"; };
		0B3DAB4A22E0C0FE0031FEEF /* InspetorGeoLocation.swift */ = {isa = PBXFileReference; lastKnownFileType = sourcecode.swift; path = InspetorGeoLocation.swift; sourceTree = "<group>"; };
		0B57D63222DCA59A00764818 /* LegitiClientService.swift */ = {isa = PBXFileReference; fileEncoding = 4; lastKnownFileType = sourcecode.swift; path = LegitiClientService.swift; sourceTree = "<group>"; };
		0B771F3323043E90006AD4EA /* InspetorDeviceData.swift */ = {isa = PBXFileReference; lastKnownFileType = sourcecode.swift; path = InspetorDeviceData.swift; sourceTree = "<group>"; };
		0B771F53230479E5006AD4EA /* InspetorTestApp.app */ = {isa = PBXFileReference; explicitFileType = wrapper.application; includeInIndex = 0; path = InspetorTestApp.app; sourceTree = BUILT_PRODUCTS_DIR; };
		0B771F55230479E5006AD4EA /* AppDelegate.swift */ = {isa = PBXFileReference; lastKnownFileType = sourcecode.swift; path = AppDelegate.swift; sourceTree = "<group>"; };
		0B771F57230479E5006AD4EA /* ViewController.swift */ = {isa = PBXFileReference; lastKnownFileType = sourcecode.swift; path = ViewController.swift; sourceTree = "<group>"; };
		0B771F5A230479E5006AD4EA /* Base */ = {isa = PBXFileReference; lastKnownFileType = file.storyboard; name = Base; path = Base.lproj/Main.storyboard; sourceTree = "<group>"; };
		0B771F5C230479E6006AD4EA /* Assets.xcassets */ = {isa = PBXFileReference; lastKnownFileType = folder.assetcatalog; path = Assets.xcassets; sourceTree = "<group>"; };
		0B771F5F230479E6006AD4EA /* Base */ = {isa = PBXFileReference; lastKnownFileType = file.storyboard; name = Base; path = Base.lproj/LaunchScreen.storyboard; sourceTree = "<group>"; };
		0B771F61230479E6006AD4EA /* Info.plist */ = {isa = PBXFileReference; lastKnownFileType = text.plist.xml; path = Info.plist; sourceTree = "<group>"; };
		0B92ABF72304A7A100BA3A24 /* Reachability.framework */ = {isa = PBXFileReference; explicitFileType = wrapper.framework; path = Reachability.framework; sourceTree = BUILT_PRODUCTS_DIR; };
		0B92ABF92304A7A100BA3A24 /* SnowplowTracker.framework */ = {isa = PBXFileReference; explicitFileType = wrapper.framework; path = SnowplowTracker.framework; sourceTree = BUILT_PRODUCTS_DIR; };
		0B92ABFB2304A7A100BA3A24 /* SwiftKeychainWrapper.framework */ = {isa = PBXFileReference; explicitFileType = wrapper.framework; path = SwiftKeychainWrapper.framework; sourceTree = BUILT_PRODUCTS_DIR; };
		0B92ABFD2304A7A500BA3A24 /* FMDB.framework */ = {isa = PBXFileReference; explicitFileType = wrapper.framework; path = FMDB.framework; sourceTree = BUILT_PRODUCTS_DIR; };
		0B92ABFF2304A7A500BA3A24 /* INTULocationManager.framework */ = {isa = PBXFileReference; explicitFileType = wrapper.framework; path = INTULocationManager.framework; sourceTree = BUILT_PRODUCTS_DIR; };
		0B99509222D7708D00288282 /* LegitiResourceService.swift */ = {isa = PBXFileReference; fileEncoding = 4; lastKnownFileType = sourcecode.swift; path = LegitiResourceService.swift; sourceTree = "<group>"; };
		0B99509722D773DD00288282 /* InspetorResource.swift */ = {isa = PBXFileReference; lastKnownFileType = sourcecode.swift; path = InspetorResource.swift; sourceTree = "<group>"; };
		0BACF7FF22D7965F00A2C2FF /* InspetorConfig.swift */ = {isa = PBXFileReference; lastKnownFileType = sourcecode.swift; path = InspetorConfig.swift; sourceTree = "<group>"; };
		0BB12D5222D8D05100054EF2 /* Actions.swift */ = {isa = PBXFileReference; lastKnownFileType = sourcecode.swift; path = Actions.swift; sourceTree = "<group>"; };
		0BB12D5422D8D40A00054EF2 /* LegitiClient.swift */ = {isa = PBXFileReference; lastKnownFileType = sourcecode.swift; path = LegitiClient.swift; sourceTree = "<group>"; };
		0BD5066322DE6E0500697434 /* InspetorEmitterCallback.swift */ = {isa = PBXFileReference; lastKnownFileType = sourcecode.swift; path = InspetorEmitterCallback.swift; sourceTree = "<group>"; };
		0BFB1BCA22DF47F700CB9C6B /* InspetorUnitTests.xctest */ = {isa = PBXFileReference; explicitFileType = wrapper.cfbundle; includeInIndex = 0; path = InspetorUnitTests.xctest; sourceTree = BUILT_PRODUCTS_DIR; };
		0BFB1BCC22DF47F700CB9C6B /* InspetorUnitTests.swift */ = {isa = PBXFileReference; lastKnownFileType = sourcecode.swift; path = InspetorUnitTests.swift; sourceTree = "<group>"; };
		0BFB1BCE22DF47F700CB9C6B /* Info.plist */ = {isa = PBXFileReference; lastKnownFileType = text.plist.xml; path = Info.plist; sourceTree = "<group>"; };
		0BFB1BD522DF482300CB9C6B /* InspetorIntegrationTests.swift */ = {isa = PBXFileReference; lastKnownFileType = sourcecode.swift; path = InspetorIntegrationTests.swift; sourceTree = "<group>"; };
		1A93876C0A7CD2F2EDCBF50F /* Pods-InspetorUnitTests.debug.xcconfig */ = {isa = PBXFileReference; includeInIndex = 1; lastKnownFileType = text.xcconfig; name = "Pods-InspetorUnitTests.debug.xcconfig"; path = "Target Support Files/Pods-InspetorUnitTests/Pods-InspetorUnitTests.debug.xcconfig"; sourceTree = "<group>"; };
		310465413ADCAC11A7845D65 /* Pods-Inspetor-InspetorTestApp.release.xcconfig */ = {isa = PBXFileReference; includeInIndex = 1; lastKnownFileType = text.xcconfig; name = "Pods-Inspetor-InspetorTestApp.release.xcconfig"; path = "Target Support Files/Pods-Inspetor-InspetorTestApp/Pods-Inspetor-InspetorTestApp.release.xcconfig"; sourceTree = "<group>"; };
		479119C8247BA077D322B038 /* Pods-InspetorTestApp.debug.xcconfig */ = {isa = PBXFileReference; includeInIndex = 1; lastKnownFileType = text.xcconfig; name = "Pods-InspetorTestApp.debug.xcconfig"; path = "Target Support Files/Pods-InspetorTestApp/Pods-InspetorTestApp.debug.xcconfig"; sourceTree = "<group>"; };
		4AE0A89ED0243C066CB4B8CC /* Pods_Inspetor.framework */ = {isa = PBXFileReference; explicitFileType = wrapper.framework; includeInIndex = 0; path = Pods_Inspetor.framework; sourceTree = BUILT_PRODUCTS_DIR; };
		55B7CD5BB9E32FF27A160892 /* Pods-Inspetor-InspetorUnitTests.debug.xcconfig */ = {isa = PBXFileReference; includeInIndex = 1; lastKnownFileType = text.xcconfig; name = "Pods-Inspetor-InspetorUnitTests.debug.xcconfig"; path = "Target Support Files/Pods-Inspetor-InspetorUnitTests/Pods-Inspetor-InspetorUnitTests.debug.xcconfig"; sourceTree = "<group>"; };
		6DAED5544E94C62841A0A56E /* Pods-InspetorTestApp.release.xcconfig */ = {isa = PBXFileReference; includeInIndex = 1; lastKnownFileType = text.xcconfig; name = "Pods-InspetorTestApp.release.xcconfig"; path = "Target Support Files/Pods-InspetorTestApp/Pods-InspetorTestApp.release.xcconfig"; sourceTree = "<group>"; };
		780AC8602252526F00383069 /* InspetorDependencies.swift */ = {isa = PBXFileReference; lastKnownFileType = sourcecode.swift; path = InspetorDependencies.swift; sourceTree = "<group>"; };
		78783CA2224424E70052BB50 /* Inspetor.framework */ = {isa = PBXFileReference; explicitFileType = wrapper.framework; includeInIndex = 0; path = Inspetor.framework; sourceTree = BUILT_PRODUCTS_DIR; };
		78783CA5224424E70052BB50 /* Inspetor.h */ = {isa = PBXFileReference; lastKnownFileType = sourcecode.c.h; path = Inspetor.h; sourceTree = "<group>"; };
		78783CA6224424E70052BB50 /* Info.plist */ = {isa = PBXFileReference; lastKnownFileType = text.plist.xml; path = Info.plist; sourceTree = "<group>"; };
		7FAFE64B71FA90980427BD63 /* Pods-InspetorUnitTests.release.xcconfig */ = {isa = PBXFileReference; includeInIndex = 1; lastKnownFileType = text.xcconfig; name = "Pods-InspetorUnitTests.release.xcconfig"; path = "Target Support Files/Pods-InspetorUnitTests/Pods-InspetorUnitTests.release.xcconfig"; sourceTree = "<group>"; };
		9330B4CB8DD413A74FDA6F13 /* Pods-Inspetor.release.xcconfig */ = {isa = PBXFileReference; includeInIndex = 1; lastKnownFileType = text.xcconfig; name = "Pods-Inspetor.release.xcconfig"; path = "Target Support Files/Pods-Inspetor/Pods-Inspetor.release.xcconfig"; sourceTree = "<group>"; };
		A1DE46E01CC52402BBD9DAF2 /* Pods-Inspetor-InspetorUnitTests.release.xcconfig */ = {isa = PBXFileReference; includeInIndex = 1; lastKnownFileType = text.xcconfig; name = "Pods-Inspetor-InspetorUnitTests.release.xcconfig"; path = "Target Support Files/Pods-Inspetor-InspetorUnitTests/Pods-Inspetor-InspetorUnitTests.release.xcconfig"; sourceTree = "<group>"; };
		E02707BF983AE03378FA40FF /* Pods_Inspetor_InspetorUnitTests.framework */ = {isa = PBXFileReference; explicitFileType = wrapper.framework; includeInIndex = 0; path = Pods_Inspetor_InspetorUnitTests.framework; sourceTree = BUILT_PRODUCTS_DIR; };
		E4BBA303649A0935FFA90FE0 /* Pods_Inspetor_InspetorTestApp.framework */ = {isa = PBXFileReference; explicitFileType = wrapper.framework; includeInIndex = 0; path = Pods_Inspetor_InspetorTestApp.framework; sourceTree = BUILT_PRODUCTS_DIR; };
		EAC079335BC11FB291D01751 /* Pods-Inspetor-InspetorTestApp.debug.xcconfig */ = {isa = PBXFileReference; includeInIndex = 1; lastKnownFileType = text.xcconfig; name = "Pods-Inspetor-InspetorTestApp.debug.xcconfig"; path = "Target Support Files/Pods-Inspetor-InspetorTestApp/Pods-Inspetor-InspetorTestApp.debug.xcconfig"; sourceTree = "<group>"; };
/* End PBXFileReference section */

/* Begin PBXFrameworksBuildPhase section */
		0B771F50230479E5006AD4EA /* Frameworks */ = {
			isa = PBXFrameworksBuildPhase;
			buildActionMask = 2147483647;
			files = (
				0B92ABFE2304A7A500BA3A24 /* FMDB.framework in Frameworks */,
				0B92AC002304A7A500BA3A24 /* INTULocationManager.framework in Frameworks */,
				0B92ABF82304A7A100BA3A24 /* Reachability.framework in Frameworks */,
				0B92ABFA2304A7A100BA3A24 /* SnowplowTracker.framework in Frameworks */,
				0B92ABFC2304A7A100BA3A24 /* SwiftKeychainWrapper.framework in Frameworks */,
				0B92ABD72304A52800BA3A24 /* Inspetor.framework in Frameworks */,
				0663A186B06BE00806977C0E /* Pods_Inspetor_InspetorTestApp.framework in Frameworks */,
			);
			runOnlyForDeploymentPostprocessing = 0;
		};
		0BFB1BC722DF47F700CB9C6B /* Frameworks */ = {
			isa = PBXFrameworksBuildPhase;
			buildActionMask = 2147483647;
			files = (
				0BFB1BCF22DF47F700CB9C6B /* Inspetor.framework in Frameworks */,
				000AC49F1F4611ED8D67F7AA /* Pods_Inspetor_InspetorUnitTests.framework in Frameworks */,
			);
			runOnlyForDeploymentPostprocessing = 0;
		};
		78783C9F224424E70052BB50 /* Frameworks */ = {
			isa = PBXFrameworksBuildPhase;
			buildActionMask = 2147483647;
			files = (
				02CFC0AFE0F52DD73CE073CD /* Pods_Inspetor.framework in Frameworks */,
			);
			runOnlyForDeploymentPostprocessing = 0;
		};
/* End PBXFrameworksBuildPhase section */

/* Begin PBXGroup section */
		0B15CD0F22D675ED00003E91 /* Exception */ = {
			isa = PBXGroup;
			children = (
				0B15CD1222D6771300003E91 /* TrackerException.swift */,
			);
			path = Exception;
			sourceTree = "<group>";
		};
		0B771F54230479E5006AD4EA /* InspetorTestApp */ = {
			isa = PBXGroup;
			children = (
				0B771F55230479E5006AD4EA /* AppDelegate.swift */,
				0B771F57230479E5006AD4EA /* ViewController.swift */,
				0B771F59230479E5006AD4EA /* Main.storyboard */,
				0B771F5C230479E6006AD4EA /* Assets.xcassets */,
				0B771F5E230479E6006AD4EA /* LaunchScreen.storyboard */,
				0B771F61230479E6006AD4EA /* Info.plist */,
			);
			path = InspetorTestApp;
			sourceTree = "<group>";
		};
		0B99509422D771B800288282 /* Service */ = {
			isa = PBXGroup;
			children = (
				0B99509222D7708D00288282 /* LegitiResourceService.swift */,
				0B57D63222DCA59A00764818 /* LegitiClientService.swift */,
			);
			path = Service;
			sourceTree = "<group>";
		};
		0BFB1BCB22DF47F700CB9C6B /* InspetorUnitTests */ = {
			isa = PBXGroup;
			children = (
				0BFB1BCC22DF47F700CB9C6B /* InspetorUnitTests.swift */,
				0BFB1BD522DF482300CB9C6B /* InspetorIntegrationTests.swift */,
				0BFB1BCE22DF47F700CB9C6B /* Info.plist */,
			);
			path = InspetorUnitTests;
			sourceTree = "<group>";
		};
		0BFB1BDB22DF5C8300CB9C6B /* Helpers */ = {
			isa = PBXGroup;
			children = (
				780AC8602252526F00383069 /* InspetorDependencies.swift */,
				0B3DAB4822E0A5D80031FEEF /* SnowplowManager.swift */,
				0BB12D5222D8D05100054EF2 /* Actions.swift */,
				0BD5066322DE6E0500697434 /* InspetorEmitterCallback.swift */,
				0B3DAB4A22E0C0FE0031FEEF /* InspetorGeoLocation.swift */,
				0B771F3323043E90006AD4EA /* InspetorDeviceData.swift */,
			);
			path = Helpers;
			sourceTree = "<group>";
		};
		78783C98224424E70052BB50 = {
			isa = PBXGroup;
			children = (
				78783CA4224424E70052BB50 /* Inspetor */,
				0BFB1BCB22DF47F700CB9C6B /* InspetorUnitTests */,
				0B771F54230479E5006AD4EA /* InspetorTestApp */,
				78783CA3224424E70052BB50 /* Products */,
				BE9C92196CF645F0511BA00C /* Pods */,
				E2F3444195BE1A2DBBC7E612 /* Frameworks */,
			);
			sourceTree = "<group>";
		};
		78783CA3224424E70052BB50 /* Products */ = {
			isa = PBXGroup;
			children = (
				78783CA2224424E70052BB50 /* Inspetor.framework */,
				0BFB1BCA22DF47F700CB9C6B /* InspetorUnitTests.xctest */,
				0B771F53230479E5006AD4EA /* InspetorTestApp.app */,
			);
			name = Products;
			sourceTree = "<group>";
		};
		78783CA4224424E70052BB50 /* Inspetor */ = {
			isa = PBXGroup;
			children = (
				0B15CD0F22D675ED00003E91 /* Exception */,
				78783CA5224424E70052BB50 /* Inspetor.h */,
				78783CA6224424E70052BB50 /* Info.plist */,
				0B1A17A322D8FB8C00933746 /* Inspetor.swift */,
				0BB12D5422D8D40A00054EF2 /* LegitiClient.swift */,
				0B99509722D773DD00288282 /* InspetorResource.swift */,
				0BACF7FF22D7965F00A2C2FF /* InspetorConfig.swift */,
				0BFB1BDB22DF5C8300CB9C6B /* Helpers */,
				0B99509422D771B800288282 /* Service */,
			);
			path = Inspetor;
			sourceTree = "<group>";
		};
		BE9C92196CF645F0511BA00C /* Pods */ = {
			isa = PBXGroup;
			children = (
				076DC3A8C22A61AB2203CFF7 /* Pods-Inspetor.debug.xcconfig */,
				9330B4CB8DD413A74FDA6F13 /* Pods-Inspetor.release.xcconfig */,
				1A93876C0A7CD2F2EDCBF50F /* Pods-InspetorUnitTests.debug.xcconfig */,
				7FAFE64B71FA90980427BD63 /* Pods-InspetorUnitTests.release.xcconfig */,
				479119C8247BA077D322B038 /* Pods-InspetorTestApp.debug.xcconfig */,
				6DAED5544E94C62841A0A56E /* Pods-InspetorTestApp.release.xcconfig */,
				EAC079335BC11FB291D01751 /* Pods-Inspetor-InspetorTestApp.debug.xcconfig */,
				310465413ADCAC11A7845D65 /* Pods-Inspetor-InspetorTestApp.release.xcconfig */,
				55B7CD5BB9E32FF27A160892 /* Pods-Inspetor-InspetorUnitTests.debug.xcconfig */,
				A1DE46E01CC52402BBD9DAF2 /* Pods-Inspetor-InspetorUnitTests.release.xcconfig */,
			);
			path = Pods;
			sourceTree = "<group>";
		};
		E2F3444195BE1A2DBBC7E612 /* Frameworks */ = {
			isa = PBXGroup;
			children = (
				0B92ABFD2304A7A500BA3A24 /* FMDB.framework */,
				0B92ABFF2304A7A500BA3A24 /* INTULocationManager.framework */,
				0B92ABF72304A7A100BA3A24 /* Reachability.framework */,
				0B92ABF92304A7A100BA3A24 /* SnowplowTracker.framework */,
				0B92ABFB2304A7A100BA3A24 /* SwiftKeychainWrapper.framework */,
				4AE0A89ED0243C066CB4B8CC /* Pods_Inspetor.framework */,
				E4BBA303649A0935FFA90FE0 /* Pods_Inspetor_InspetorTestApp.framework */,
				E02707BF983AE03378FA40FF /* Pods_Inspetor_InspetorUnitTests.framework */,
			);
			name = Frameworks;
			sourceTree = "<group>";
		};
/* End PBXGroup section */

/* Begin PBXHeadersBuildPhase section */
		78783C9D224424E70052BB50 /* Headers */ = {
			isa = PBXHeadersBuildPhase;
			buildActionMask = 2147483647;
			files = (
				78783CA7224424E70052BB50 /* Inspetor.h in Headers */,
			);
			runOnlyForDeploymentPostprocessing = 0;
		};
/* End PBXHeadersBuildPhase section */

/* Begin PBXNativeTarget section */
		0B771F52230479E5006AD4EA /* InspetorTestApp */ = {
			isa = PBXNativeTarget;
			buildConfigurationList = 0B771F62230479E6006AD4EA /* Build configuration list for PBXNativeTarget "InspetorTestApp" */;
			buildPhases = (
				3694B21B2DD24A5F26D98B8A /* [CP] Check Pods Manifest.lock */,
				0B771F4F230479E5006AD4EA /* Sources */,
				0B771F50230479E5006AD4EA /* Frameworks */,
				0B771F51230479E5006AD4EA /* Resources */,
				0B92ABDB2304A52800BA3A24 /* Embed Frameworks */,
				3A2F70D06EFE7B7EBFBC98D9 /* [CP] Embed Pods Frameworks */,
			);
			buildRules = (
			);
			dependencies = (
				0B92ABDA2304A52800BA3A24 /* PBXTargetDependency */,
			);
			name = InspetorTestApp;
			productName = inspetorTestApp;
			productReference = 0B771F53230479E5006AD4EA /* InspetorTestApp.app */;
			productType = "com.apple.product-type.application";
		};
		0BFB1BC922DF47F700CB9C6B /* InspetorUnitTests */ = {
			isa = PBXNativeTarget;
			buildConfigurationList = 0BFB1BD222DF47F700CB9C6B /* Build configuration list for PBXNativeTarget "InspetorUnitTests" */;
			buildPhases = (
				120DF2FB55059805C6C0AB46 /* [CP] Check Pods Manifest.lock */,
				0BFB1BC622DF47F700CB9C6B /* Sources */,
				0BFB1BC722DF47F700CB9C6B /* Frameworks */,
				0BFB1BC822DF47F700CB9C6B /* Resources */,
				6BA7B13BD24EDDF1B8A9A5DF /* [CP] Embed Pods Frameworks */,
			);
			buildRules = (
			);
			dependencies = (
				0BFB1BD122DF47F700CB9C6B /* PBXTargetDependency */,
				0B92ABCD2304822B00BA3A24 /* PBXTargetDependency */,
			);
			name = InspetorUnitTests;
			productName = InspetorUnitTests;
			productReference = 0BFB1BCA22DF47F700CB9C6B /* InspetorUnitTests.xctest */;
			productType = "com.apple.product-type.bundle.unit-test";
		};
		78783CA1224424E70052BB50 /* Inspetor */ = {
			isa = PBXNativeTarget;
			buildConfigurationList = 78783CAA224424E70052BB50 /* Build configuration list for PBXNativeTarget "Inspetor" */;
			buildPhases = (
				CC38D823E09082580A2D9FF7 /* [CP] Check Pods Manifest.lock */,
				78783C9D224424E70052BB50 /* Headers */,
				78783C9E224424E70052BB50 /* Sources */,
				78783C9F224424E70052BB50 /* Frameworks */,
				78783CA0224424E70052BB50 /* Resources */,
			);
			buildRules = (
			);
			dependencies = (
			);
			name = Inspetor;
			productName = InspetorSwiftFramework;
			productReference = 78783CA2224424E70052BB50 /* Inspetor.framework */;
			productType = "com.apple.product-type.framework";
		};
/* End PBXNativeTarget section */

/* Begin PBXProject section */
		78783C99224424E70052BB50 /* Project object */ = {
			isa = PBXProject;
			attributes = {
				LastSwiftUpdateCheck = 1030;
				LastUpgradeCheck = 1010;
				ORGANIZATIONNAME = Inspetor;
				TargetAttributes = {
					0B771F52230479E5006AD4EA = {
						CreatedOnToolsVersion = 10.3;
						SystemCapabilities = {
							com.apple.Keychain = {
								enabled = 0;
							};
						};
					};
					0BFB1BC922DF47F700CB9C6B = {
						CreatedOnToolsVersion = 10.2.1;
					};
					78783CA1224424E70052BB50 = {
						CreatedOnToolsVersion = 10.1;
						LastSwiftMigration = 1020;
					};
				};
			};
			buildConfigurationList = 78783C9C224424E70052BB50 /* Build configuration list for PBXProject "Inspetor" */;
			compatibilityVersion = "Xcode 9.3";
			developmentRegion = en;
			hasScannedForEncodings = 0;
			knownRegions = (
				en,
				Base,
			);
			mainGroup = 78783C98224424E70052BB50;
			productRefGroup = 78783CA3224424E70052BB50 /* Products */;
			projectDirPath = "";
			projectRoot = "";
			targets = (
				78783CA1224424E70052BB50 /* Inspetor */,
				0BFB1BC922DF47F700CB9C6B /* InspetorUnitTests */,
				0B771F52230479E5006AD4EA /* InspetorTestApp */,
			);
		};
/* End PBXProject section */

/* Begin PBXResourcesBuildPhase section */
		0B771F51230479E5006AD4EA /* Resources */ = {
			isa = PBXResourcesBuildPhase;
			buildActionMask = 2147483647;
			files = (
				0B771F60230479E6006AD4EA /* LaunchScreen.storyboard in Resources */,
				0B771F5D230479E6006AD4EA /* Assets.xcassets in Resources */,
				0B771F5B230479E5006AD4EA /* Main.storyboard in Resources */,
			);
			runOnlyForDeploymentPostprocessing = 0;
		};
		0BFB1BC822DF47F700CB9C6B /* Resources */ = {
			isa = PBXResourcesBuildPhase;
			buildActionMask = 2147483647;
			files = (
			);
			runOnlyForDeploymentPostprocessing = 0;
		};
		78783CA0224424E70052BB50 /* Resources */ = {
			isa = PBXResourcesBuildPhase;
			buildActionMask = 2147483647;
			files = (
			);
			runOnlyForDeploymentPostprocessing = 0;
		};
/* End PBXResourcesBuildPhase section */

/* Begin PBXShellScriptBuildPhase section */
		120DF2FB55059805C6C0AB46 /* [CP] Check Pods Manifest.lock */ = {
			isa = PBXShellScriptBuildPhase;
			buildActionMask = 2147483647;
			files = (
			);
			inputFileListPaths = (
			);
			inputPaths = (
				"${PODS_PODFILE_DIR_PATH}/Podfile.lock",
				"${PODS_ROOT}/Manifest.lock",
			);
			name = "[CP] Check Pods Manifest.lock";
			outputFileListPaths = (
			);
			outputPaths = (
				"$(DERIVED_FILE_DIR)/Pods-Inspetor-InspetorUnitTests-checkManifestLockResult.txt",
			);
			runOnlyForDeploymentPostprocessing = 0;
			shellPath = /bin/sh;
			shellScript = "diff \"${PODS_PODFILE_DIR_PATH}/Podfile.lock\" \"${PODS_ROOT}/Manifest.lock\" > /dev/null\nif [ $? != 0 ] ; then\n    # print error to STDERR\n    echo \"error: The sandbox is not in sync with the Podfile.lock. Run 'pod install' or update your CocoaPods installation.\" >&2\n    exit 1\nfi\n# This output is used by Xcode 'outputs' to avoid re-running this script phase.\necho \"SUCCESS\" > \"${SCRIPT_OUTPUT_FILE_0}\"\n";
			showEnvVarsInLog = 0;
		};
		3694B21B2DD24A5F26D98B8A /* [CP] Check Pods Manifest.lock */ = {
			isa = PBXShellScriptBuildPhase;
			buildActionMask = 2147483647;
			files = (
			);
			inputFileListPaths = (
			);
			inputPaths = (
				"${PODS_PODFILE_DIR_PATH}/Podfile.lock",
				"${PODS_ROOT}/Manifest.lock",
			);
			name = "[CP] Check Pods Manifest.lock";
			outputFileListPaths = (
			);
			outputPaths = (
				"$(DERIVED_FILE_DIR)/Pods-Inspetor-InspetorTestApp-checkManifestLockResult.txt",
			);
			runOnlyForDeploymentPostprocessing = 0;
			shellPath = /bin/sh;
			shellScript = "diff \"${PODS_PODFILE_DIR_PATH}/Podfile.lock\" \"${PODS_ROOT}/Manifest.lock\" > /dev/null\nif [ $? != 0 ] ; then\n    # print error to STDERR\n    echo \"error: The sandbox is not in sync with the Podfile.lock. Run 'pod install' or update your CocoaPods installation.\" >&2\n    exit 1\nfi\n# This output is used by Xcode 'outputs' to avoid re-running this script phase.\necho \"SUCCESS\" > \"${SCRIPT_OUTPUT_FILE_0}\"\n";
			showEnvVarsInLog = 0;
		};
		3A2F70D06EFE7B7EBFBC98D9 /* [CP] Embed Pods Frameworks */ = {
			isa = PBXShellScriptBuildPhase;
			buildActionMask = 2147483647;
			files = (
			);
			inputFileListPaths = (
				"${PODS_ROOT}/Target Support Files/Pods-Inspetor-InspetorTestApp/Pods-Inspetor-InspetorTestApp-frameworks-${CONFIGURATION}-input-files.xcfilelist",
			);
			name = "[CP] Embed Pods Frameworks";
			outputFileListPaths = (
				"${PODS_ROOT}/Target Support Files/Pods-Inspetor-InspetorTestApp/Pods-Inspetor-InspetorTestApp-frameworks-${CONFIGURATION}-output-files.xcfilelist",
			);
			runOnlyForDeploymentPostprocessing = 0;
			shellPath = /bin/sh;
			shellScript = "\"${PODS_ROOT}/Target Support Files/Pods-Inspetor-InspetorTestApp/Pods-Inspetor-InspetorTestApp-frameworks.sh\"\n";
			showEnvVarsInLog = 0;
		};
		6BA7B13BD24EDDF1B8A9A5DF /* [CP] Embed Pods Frameworks */ = {
			isa = PBXShellScriptBuildPhase;
			buildActionMask = 2147483647;
			files = (
			);
			inputFileListPaths = (
				"${PODS_ROOT}/Target Support Files/Pods-Inspetor-InspetorUnitTests/Pods-Inspetor-InspetorUnitTests-frameworks-${CONFIGURATION}-input-files.xcfilelist",
			);
			name = "[CP] Embed Pods Frameworks";
			outputFileListPaths = (
				"${PODS_ROOT}/Target Support Files/Pods-Inspetor-InspetorUnitTests/Pods-Inspetor-InspetorUnitTests-frameworks-${CONFIGURATION}-output-files.xcfilelist",
			);
			runOnlyForDeploymentPostprocessing = 0;
			shellPath = /bin/sh;
			shellScript = "\"${PODS_ROOT}/Target Support Files/Pods-Inspetor-InspetorUnitTests/Pods-Inspetor-InspetorUnitTests-frameworks.sh\"\n";
			showEnvVarsInLog = 0;
		};
		CC38D823E09082580A2D9FF7 /* [CP] Check Pods Manifest.lock */ = {
			isa = PBXShellScriptBuildPhase;
			buildActionMask = 2147483647;
			files = (
			);
			inputFileListPaths = (
			);
			inputPaths = (
				"${PODS_PODFILE_DIR_PATH}/Podfile.lock",
				"${PODS_ROOT}/Manifest.lock",
			);
			name = "[CP] Check Pods Manifest.lock";
			outputFileListPaths = (
			);
			outputPaths = (
				"$(DERIVED_FILE_DIR)/Pods-Inspetor-checkManifestLockResult.txt",
			);
			runOnlyForDeploymentPostprocessing = 0;
			shellPath = /bin/sh;
			shellScript = "diff \"${PODS_PODFILE_DIR_PATH}/Podfile.lock\" \"${PODS_ROOT}/Manifest.lock\" > /dev/null\nif [ $? != 0 ] ; then\n    # print error to STDERR\n    echo \"error: The sandbox is not in sync with the Podfile.lock. Run 'pod install' or update your CocoaPods installation.\" >&2\n    exit 1\nfi\n# This output is used by Xcode 'outputs' to avoid re-running this script phase.\necho \"SUCCESS\" > \"${SCRIPT_OUTPUT_FILE_0}\"\n";
			showEnvVarsInLog = 0;
		};
/* End PBXShellScriptBuildPhase section */

/* Begin PBXSourcesBuildPhase section */
		0B771F4F230479E5006AD4EA /* Sources */ = {
			isa = PBXSourcesBuildPhase;
			buildActionMask = 2147483647;
			files = (
				0B771F58230479E5006AD4EA /* ViewController.swift in Sources */,
				0B771F56230479E5006AD4EA /* AppDelegate.swift in Sources */,
			);
			runOnlyForDeploymentPostprocessing = 0;
		};
		0BFB1BC622DF47F700CB9C6B /* Sources */ = {
			isa = PBXSourcesBuildPhase;
			buildActionMask = 2147483647;
			files = (
				0BFB1BD622DF482300CB9C6B /* InspetorIntegrationTests.swift in Sources */,
				0BFB1BCD22DF47F700CB9C6B /* InspetorUnitTests.swift in Sources */,
			);
			runOnlyForDeploymentPostprocessing = 0;
		};
		78783C9E224424E70052BB50 /* Sources */ = {
			isa = PBXSourcesBuildPhase;
			buildActionMask = 2147483647;
			files = (
				0B3DAB4B22E0C0FE0031FEEF /* InspetorGeoLocation.swift in Sources */,
				0B771F3423043E90006AD4EA /* InspetorDeviceData.swift in Sources */,
				0BB12D5322D8D05100054EF2 /* Actions.swift in Sources */,
				0BD5066422DE6E0500697434 /* InspetorEmitterCallback.swift in Sources */,
				0B15CD1322D6771300003E91 /* TrackerException.swift in Sources */,
				0BACF80022D7965F00A2C2FF /* InspetorConfig.swift in Sources */,
				0B99509822D773DD00288282 /* InspetorResource.swift in Sources */,
				0B3DAB4922E0A5D80031FEEF /* SnowplowManager.swift in Sources */,
				0BB12D5522D8D40A00054EF2 /* LegitiClient.swift in Sources */,
				780AC8612252526F00383069 /* InspetorDependencies.swift in Sources */,
				0B1A17A422D8FB8C00933746 /* Inspetor.swift in Sources */,
				0B99509322D7708D00288282 /* LegitiResourceService.swift in Sources */,
				0B57D63322DCA59A00764818 /* LegitiClientService.swift in Sources */,
			);
			runOnlyForDeploymentPostprocessing = 0;
		};
/* End PBXSourcesBuildPhase section */

/* Begin PBXTargetDependency section */
		0B92ABCD2304822B00BA3A24 /* PBXTargetDependency */ = {
			isa = PBXTargetDependency;
			target = 0B771F52230479E5006AD4EA /* InspetorTestApp */;
			targetProxy = 0B92ABCC2304822B00BA3A24 /* PBXContainerItemProxy */;
		};
		0B92ABDA2304A52800BA3A24 /* PBXTargetDependency */ = {
			isa = PBXTargetDependency;
			target = 78783CA1224424E70052BB50 /* Inspetor */;
			targetProxy = 0B92ABD92304A52800BA3A24 /* PBXContainerItemProxy */;
		};
		0BFB1BD122DF47F700CB9C6B /* PBXTargetDependency */ = {
			isa = PBXTargetDependency;
			target = 78783CA1224424E70052BB50 /* Inspetor */;
			targetProxy = 0BFB1BD022DF47F700CB9C6B /* PBXContainerItemProxy */;
		};
/* End PBXTargetDependency section */

/* Begin PBXVariantGroup section */
		0B771F59230479E5006AD4EA /* Main.storyboard */ = {
			isa = PBXVariantGroup;
			children = (
				0B771F5A230479E5006AD4EA /* Base */,
			);
			name = Main.storyboard;
			sourceTree = "<group>";
		};
		0B771F5E230479E6006AD4EA /* LaunchScreen.storyboard */ = {
			isa = PBXVariantGroup;
			children = (
				0B771F5F230479E6006AD4EA /* Base */,
			);
			name = LaunchScreen.storyboard;
			sourceTree = "<group>";
		};
/* End PBXVariantGroup section */

/* Begin XCBuildConfiguration section */
		0B771F63230479E6006AD4EA /* Debug */ = {
			isa = XCBuildConfiguration;
			baseConfigurationReference = EAC079335BC11FB291D01751 /* Pods-Inspetor-InspetorTestApp.debug.xcconfig */;
			buildSettings = {
				ALWAYS_EMBED_SWIFT_STANDARD_LIBRARIES = YES;
				ASSETCATALOG_COMPILER_APPICON_NAME = AppIcon;
				CODE_SIGN_STYLE = Automatic;
				DEVELOPMENT_TEAM = L6Z5L6M4WL;
				INFOPLIST_FILE = inspetorTestApp/Info.plist;
				IPHONEOS_DEPLOYMENT_TARGET = 9.0;
				LD_RUNPATH_SEARCH_PATHS = (
					"$(inherited)",
					"@executable_path/Frameworks",
				);
				PRODUCT_BUNDLE_IDENTIFIER = com.useinspetor.inspetorTestApp;
				PRODUCT_NAME = "$(TARGET_NAME)";
				SWIFT_VERSION = 5.0;
				TARGETED_DEVICE_FAMILY = "1,2";
			};
			name = Debug;
		};
		0B771F64230479E6006AD4EA /* Release */ = {
			isa = XCBuildConfiguration;
			baseConfigurationReference = 310465413ADCAC11A7845D65 /* Pods-Inspetor-InspetorTestApp.release.xcconfig */;
			buildSettings = {
				ALWAYS_EMBED_SWIFT_STANDARD_LIBRARIES = YES;
				ASSETCATALOG_COMPILER_APPICON_NAME = AppIcon;
				CODE_SIGN_STYLE = Automatic;
				DEVELOPMENT_TEAM = L6Z5L6M4WL;
				INFOPLIST_FILE = inspetorTestApp/Info.plist;
				IPHONEOS_DEPLOYMENT_TARGET = 9.0;
				LD_RUNPATH_SEARCH_PATHS = (
					"$(inherited)",
					"@executable_path/Frameworks",
				);
				PRODUCT_BUNDLE_IDENTIFIER = com.useinspetor.inspetorTestApp;
				PRODUCT_NAME = "$(TARGET_NAME)";
				SWIFT_VERSION = 5.0;
				TARGETED_DEVICE_FAMILY = "1,2";
			};
			name = Release;
		};
		0BFB1BD322DF47F700CB9C6B /* Debug */ = {
			isa = XCBuildConfiguration;
			baseConfigurationReference = 55B7CD5BB9E32FF27A160892 /* Pods-Inspetor-InspetorUnitTests.debug.xcconfig */;
			buildSettings = {
				CODE_SIGN_STYLE = Automatic;
				INFOPLIST_FILE = InspetorUnitTests/Info.plist;
				IPHONEOS_DEPLOYMENT_TARGET = 12.2;
				LD_RUNPATH_SEARCH_PATHS = (
					"$(inherited)",
					"@executable_path/Frameworks",
					"@loader_path/Frameworks",
				);
				PRODUCT_BUNDLE_IDENTIFIER = com.useinspetor.InspetorUnitTests;
				PRODUCT_NAME = "$(TARGET_NAME)";
				SWIFT_VERSION = 5.0;
				TARGETED_DEVICE_FAMILY = "1,2";
			};
			name = Debug;
		};
		0BFB1BD422DF47F700CB9C6B /* Release */ = {
			isa = XCBuildConfiguration;
			baseConfigurationReference = A1DE46E01CC52402BBD9DAF2 /* Pods-Inspetor-InspetorUnitTests.release.xcconfig */;
			buildSettings = {
				CODE_SIGN_STYLE = Automatic;
				INFOPLIST_FILE = InspetorUnitTests/Info.plist;
				IPHONEOS_DEPLOYMENT_TARGET = 12.2;
				LD_RUNPATH_SEARCH_PATHS = (
					"$(inherited)",
					"@executable_path/Frameworks",
					"@loader_path/Frameworks",
				);
				PRODUCT_BUNDLE_IDENTIFIER = com.useinspetor.InspetorUnitTests;
				PRODUCT_NAME = "$(TARGET_NAME)";
				SWIFT_VERSION = 5.0;
				TARGETED_DEVICE_FAMILY = "1,2";
			};
			name = Release;
		};
		78783CA8224424E70052BB50 /* Debug */ = {
			isa = XCBuildConfiguration;
			buildSettings = {
				ALWAYS_SEARCH_USER_PATHS = NO;
				CLANG_ANALYZER_NONNULL = YES;
				CLANG_ANALYZER_NUMBER_OBJECT_CONVERSION = YES_AGGRESSIVE;
				CLANG_CXX_LANGUAGE_STANDARD = "gnu++14";
				CLANG_CXX_LIBRARY = "libc++";
				CLANG_ENABLE_MODULES = YES;
				CLANG_ENABLE_OBJC_ARC = YES;
				CLANG_ENABLE_OBJC_WEAK = YES;
				CLANG_WARN_BLOCK_CAPTURE_AUTORELEASING = YES;
				CLANG_WARN_BOOL_CONVERSION = YES;
				CLANG_WARN_COMMA = YES;
				CLANG_WARN_CONSTANT_CONVERSION = YES;
				CLANG_WARN_DEPRECATED_OBJC_IMPLEMENTATIONS = YES;
				CLANG_WARN_DIRECT_OBJC_ISA_USAGE = YES_ERROR;
				CLANG_WARN_DOCUMENTATION_COMMENTS = YES;
				CLANG_WARN_EMPTY_BODY = YES;
				CLANG_WARN_ENUM_CONVERSION = YES;
				CLANG_WARN_INFINITE_RECURSION = YES;
				CLANG_WARN_INT_CONVERSION = YES;
				CLANG_WARN_NON_LITERAL_NULL_CONVERSION = YES;
				CLANG_WARN_OBJC_IMPLICIT_RETAIN_SELF = YES;
				CLANG_WARN_OBJC_LITERAL_CONVERSION = YES;
				CLANG_WARN_OBJC_ROOT_CLASS = YES_ERROR;
				CLANG_WARN_RANGE_LOOP_ANALYSIS = YES;
				CLANG_WARN_STRICT_PROTOTYPES = YES;
				CLANG_WARN_SUSPICIOUS_MOVE = YES;
				CLANG_WARN_UNGUARDED_AVAILABILITY = YES_AGGRESSIVE;
				CLANG_WARN_UNREACHABLE_CODE = YES;
				CLANG_WARN__DUPLICATE_METHOD_MATCH = YES;
				CODE_SIGN_IDENTITY = "iPhone Developer";
				COPY_PHASE_STRIP = NO;
				CURRENT_PROJECT_VERSION = 1;
				DEBUG_INFORMATION_FORMAT = dwarf;
				ENABLE_STRICT_OBJC_MSGSEND = YES;
				ENABLE_TESTABILITY = YES;
				GCC_C_LANGUAGE_STANDARD = gnu11;
				GCC_DYNAMIC_NO_PIC = NO;
				GCC_NO_COMMON_BLOCKS = YES;
				GCC_OPTIMIZATION_LEVEL = 0;
				GCC_PREPROCESSOR_DEFINITIONS = (
					"DEBUG=1",
					"$(inherited)",
				);
				GCC_WARN_64_TO_32_BIT_CONVERSION = YES;
				GCC_WARN_ABOUT_RETURN_TYPE = YES_ERROR;
				GCC_WARN_UNDECLARED_SELECTOR = YES;
				GCC_WARN_UNINITIALIZED_AUTOS = YES_AGGRESSIVE;
				GCC_WARN_UNUSED_FUNCTION = YES;
				GCC_WARN_UNUSED_VARIABLE = YES;
				IPHONEOS_DEPLOYMENT_TARGET = 12.1;
				MTL_ENABLE_DEBUG_INFO = INCLUDE_SOURCE;
				MTL_FAST_MATH = YES;
				ONLY_ACTIVE_ARCH = YES;
				PRODUCT_NAME = Inspetor;
				SDKROOT = iphoneos;
				SWIFT_ACTIVE_COMPILATION_CONDITIONS = DEBUG;
				SWIFT_OPTIMIZATION_LEVEL = "-Onone";
				VERSIONING_SYSTEM = "apple-generic";
				VERSION_INFO_PREFIX = "";
			};
			name = Debug;
		};
		78783CA9224424E70052BB50 /* Release */ = {
			isa = XCBuildConfiguration;
			buildSettings = {
				ALWAYS_SEARCH_USER_PATHS = NO;
				CLANG_ANALYZER_NONNULL = YES;
				CLANG_ANALYZER_NUMBER_OBJECT_CONVERSION = YES_AGGRESSIVE;
				CLANG_CXX_LANGUAGE_STANDARD = "gnu++14";
				CLANG_CXX_LIBRARY = "libc++";
				CLANG_ENABLE_MODULES = YES;
				CLANG_ENABLE_OBJC_ARC = YES;
				CLANG_ENABLE_OBJC_WEAK = YES;
				CLANG_WARN_BLOCK_CAPTURE_AUTORELEASING = YES;
				CLANG_WARN_BOOL_CONVERSION = YES;
				CLANG_WARN_COMMA = YES;
				CLANG_WARN_CONSTANT_CONVERSION = YES;
				CLANG_WARN_DEPRECATED_OBJC_IMPLEMENTATIONS = YES;
				CLANG_WARN_DIRECT_OBJC_ISA_USAGE = YES_ERROR;
				CLANG_WARN_DOCUMENTATION_COMMENTS = YES;
				CLANG_WARN_EMPTY_BODY = YES;
				CLANG_WARN_ENUM_CONVERSION = YES;
				CLANG_WARN_INFINITE_RECURSION = YES;
				CLANG_WARN_INT_CONVERSION = YES;
				CLANG_WARN_NON_LITERAL_NULL_CONVERSION = YES;
				CLANG_WARN_OBJC_IMPLICIT_RETAIN_SELF = YES;
				CLANG_WARN_OBJC_LITERAL_CONVERSION = YES;
				CLANG_WARN_OBJC_ROOT_CLASS = YES_ERROR;
				CLANG_WARN_RANGE_LOOP_ANALYSIS = YES;
				CLANG_WARN_STRICT_PROTOTYPES = YES;
				CLANG_WARN_SUSPICIOUS_MOVE = YES;
				CLANG_WARN_UNGUARDED_AVAILABILITY = YES_AGGRESSIVE;
				CLANG_WARN_UNREACHABLE_CODE = YES;
				CLANG_WARN__DUPLICATE_METHOD_MATCH = YES;
				CODE_SIGN_IDENTITY = "iPhone Developer";
				COPY_PHASE_STRIP = NO;
				CURRENT_PROJECT_VERSION = 1;
				DEBUG_INFORMATION_FORMAT = "dwarf-with-dsym";
				ENABLE_NS_ASSERTIONS = NO;
				ENABLE_STRICT_OBJC_MSGSEND = YES;
				GCC_C_LANGUAGE_STANDARD = gnu11;
				GCC_NO_COMMON_BLOCKS = YES;
				GCC_WARN_64_TO_32_BIT_CONVERSION = YES;
				GCC_WARN_ABOUT_RETURN_TYPE = YES_ERROR;
				GCC_WARN_UNDECLARED_SELECTOR = YES;
				GCC_WARN_UNINITIALIZED_AUTOS = YES_AGGRESSIVE;
				GCC_WARN_UNUSED_FUNCTION = YES;
				GCC_WARN_UNUSED_VARIABLE = YES;
				IPHONEOS_DEPLOYMENT_TARGET = 12.1;
				MTL_ENABLE_DEBUG_INFO = NO;
				MTL_FAST_MATH = YES;
				PRODUCT_NAME = Inspetor;
				SDKROOT = iphoneos;
				SWIFT_COMPILATION_MODE = wholemodule;
				SWIFT_OPTIMIZATION_LEVEL = "-O";
				VALIDATE_PRODUCT = YES;
				VERSIONING_SYSTEM = "apple-generic";
				VERSION_INFO_PREFIX = "";
			};
			name = Release;
		};
		78783CAB224424E70052BB50 /* Debug */ = {
			isa = XCBuildConfiguration;
			baseConfigurationReference = 076DC3A8C22A61AB2203CFF7 /* Pods-Inspetor.debug.xcconfig */;
			buildSettings = {
				APPLICATION_EXTENSION_API_ONLY = NO;
				CLANG_ENABLE_MODULES = YES;
				CODE_SIGN_IDENTITY = "";
				CODE_SIGN_STYLE = Automatic;
				DEFINES_MODULE = YES;
				DEVELOPMENT_TEAM = L6Z5L6M4WL;
				DYLIB_COMPATIBILITY_VERSION = 1;
				DYLIB_CURRENT_VERSION = 1;
				DYLIB_INSTALL_NAME_BASE = "@rpath";
				INFOPLIST_FILE = "$(SRCROOT)/Inspetor/Info.plist";
				INSTALL_PATH = "$(LOCAL_LIBRARY_DIR)/Frameworks";
				IPHONEOS_DEPLOYMENT_TARGET = 9.0;
				LD_RUNPATH_SEARCH_PATHS = (
					"$(inherited)",
					"@executable_path/Frameworks",
					"@loader_path/Frameworks",
				);
				PRODUCT_BUNDLE_IDENTIFIER = com.inspetor.Inspetor;
				PRODUCT_NAME = "$(TARGET_NAME:c99extidentifier)";
				SKIP_INSTALL = YES;
				SWIFT_OPTIMIZATION_LEVEL = "-Onone";
				SWIFT_VERSION = 5.0;
				TARGETED_DEVICE_FAMILY = "1,2";
			};
			name = Debug;
		};
		78783CAC224424E70052BB50 /* Release */ = {
			isa = XCBuildConfiguration;
			baseConfigurationReference = 9330B4CB8DD413A74FDA6F13 /* Pods-Inspetor.release.xcconfig */;
			buildSettings = {
				APPLICATION_EXTENSION_API_ONLY = NO;
				CLANG_ENABLE_MODULES = YES;
				CODE_SIGN_IDENTITY = "";
				CODE_SIGN_STYLE = Automatic;
				DEFINES_MODULE = YES;
				DEVELOPMENT_TEAM = L6Z5L6M4WL;
				DYLIB_COMPATIBILITY_VERSION = 1;
				DYLIB_CURRENT_VERSION = 1;
				DYLIB_INSTALL_NAME_BASE = "@rpath";
				INFOPLIST_FILE = "$(SRCROOT)/Inspetor/Info.plist";
				INSTALL_PATH = "$(LOCAL_LIBRARY_DIR)/Frameworks";
				IPHONEOS_DEPLOYMENT_TARGET = 9.0;
				LD_RUNPATH_SEARCH_PATHS = (
					"$(inherited)",
					"@executable_path/Frameworks",
					"@loader_path/Frameworks",
				);
				PRODUCT_BUNDLE_IDENTIFIER = com.inspetor.Inspetor;
				PRODUCT_NAME = "$(TARGET_NAME:c99extidentifier)";
				SKIP_INSTALL = YES;
				SWIFT_VERSION = 5.0;
				TARGETED_DEVICE_FAMILY = "1,2";
			};
			name = Release;
		};
/* End XCBuildConfiguration section */

/* Begin XCConfigurationList section */
		0B771F62230479E6006AD4EA /* Build configuration list for PBXNativeTarget "InspetorTestApp" */ = {
			isa = XCConfigurationList;
			buildConfigurations = (
				0B771F63230479E6006AD4EA /* Debug */,
				0B771F64230479E6006AD4EA /* Release */,
			);
			defaultConfigurationIsVisible = 0;
			defaultConfigurationName = Release;
		};
		0BFB1BD222DF47F700CB9C6B /* Build configuration list for PBXNativeTarget "InspetorUnitTests" */ = {
			isa = XCConfigurationList;
			buildConfigurations = (
				0BFB1BD322DF47F700CB9C6B /* Debug */,
				0BFB1BD422DF47F700CB9C6B /* Release */,
			);
			defaultConfigurationIsVisible = 0;
			defaultConfigurationName = Release;
		};
		78783C9C224424E70052BB50 /* Build configuration list for PBXProject "Inspetor" */ = {
			isa = XCConfigurationList;
			buildConfigurations = (
				78783CA8224424E70052BB50 /* Debug */,
				78783CA9224424E70052BB50 /* Release */,
			);
			defaultConfigurationIsVisible = 0;
			defaultConfigurationName = Release;
		};
		78783CAA224424E70052BB50 /* Build configuration list for PBXNativeTarget "Inspetor" */ = {
			isa = XCConfigurationList;
			buildConfigurations = (
				78783CAB224424E70052BB50 /* Debug */,
				78783CAC224424E70052BB50 /* Release */,
			);
			defaultConfigurationIsVisible = 0;
			defaultConfigurationName = Release;
		};
/* End XCConfigurationList section */
	};
	rootObject = 78783C99224424E70052BB50 /* Project object */;
}
